
Microsoft Visual Studio Solution File, Format Version 12.00
# Visual Studio Version 17
VisualStudioVersion = 17.5.33627.172
MinimumVisualStudioVersion = 10.0.40219.1
Project("{FAE04EC0-301F-11D3-BF4B-00C04F79EFBC}") = "Premier Service Solutionsv2", "Premier Service Solutionsv2\Premier Service Solutionsv2.csproj", "{549DE142-741C-4379-9F29-F12D347DD883}"
EndProject
Global
	GlobalSection(SolutionConfigurationPlatforms) = preSolution
		Debug|Any CPU = Debug|Any CPU
		Release|Any CPU = Release|Any CPU
	EndGlobalSection
	GlobalSection(ProjectConfigurationPlatforms) = postSolution
		{549DE142-741C-4379-9F29-F12D347DD883}.Debug|Any CPU.ActiveCfg = Debug|Any CPU
		{549DE142-741C-4379-9F29-F12D347DD883}.Debug|Any CPU.Build.0 = Debug|Any CPU
		{549DE142-741C-4379-9F29-F12D347DD883}.Release|Any CPU.ActiveCfg = Release|Any CPU
		{549DE142-741C-4379-9F29-F12D347DD883}.Release|Any CPU.Build.0 = Release|Any CPU
	EndGlobalSection
	GlobalSection(SolutionProperties) = preSolution
		HideSolutionNode = FALSE
	EndGlobalSection
	GlobalSection(ExtensibilityGlobals) = postSolution
		SolutionGuid = {1C84C828-D010-487A-A12D-1886CB6B3BF2}
	EndGlobalSection
EndGlobal
